// !$*UTF8*$!
{
	archiveVersion = 1;
	classes = {
	};
	objectVersion = 50;
	objects = {

/* Begin PBXBuildFile section */
		AE850C992694155C00A4CC04 /* AppDelegate.swift in Sources */ = {isa = PBXBuildFile; fileRef = AE850C982694155C00A4CC04 /* AppDelegate.swift */; };
		AE850C9B2694155C00A4CC04 /* SceneDelegate.swift in Sources */ = {isa = PBXBuildFile; fileRef = AE850C9A2694155C00A4CC04 /* SceneDelegate.swift */; };
		AE850C9D2694155C00A4CC04 /* HomeViewController.swift in Sources */ = {isa = PBXBuildFile; fileRef = AE850C9C2694155C00A4CC04 /* HomeViewController.swift */; };
		AE850CA02694155C00A4CC04 /* HomeViewController.storyboard in Resources */ = {isa = PBXBuildFile; fileRef = AE850C9E2694155C00A4CC04 /* HomeViewController.storyboard */; };
		AE850CA32694155C00A4CC04 /* Github_Explorer.xcdatamodeld in Sources */ = {isa = PBXBuildFile; fileRef = AE850CA12694155C00A4CC04 /* Github_Explorer.xcdatamodeld */; };
		AE850CA52694155F00A4CC04 /* Assets.xcassets in Resources */ = {isa = PBXBuildFile; fileRef = AE850CA42694155F00A4CC04 /* Assets.xcassets */; };
		AE850CA82694155F00A4CC04 /* LaunchScreen.storyboard in Resources */ = {isa = PBXBuildFile; fileRef = AE850CA62694155F00A4CC04 /* LaunchScreen.storyboard */; };
		AE850CB526941D3200A4CC04 /* SearchRepoViewController.storyboard in Resources */ = {isa = PBXBuildFile; fileRef = AE850CB426941D3200A4CC04 /* SearchRepoViewController.storyboard */; };
		AE850CB726941D4000A4CC04 /* SearchRepoViewController.swift in Sources */ = {isa = PBXBuildFile; fileRef = AE850CB626941D4000A4CC04 /* SearchRepoViewController.swift */; };
		AE850CBA26941F4400A4CC04 /* UIViewControllerUtility.swift in Sources */ = {isa = PBXBuildFile; fileRef = AE850CB926941F4400A4CC04 /* UIViewControllerUtility.swift */; };
		AE850CBD269422DB00A4CC04 /* NetworkManager.swift in Sources */ = {isa = PBXBuildFile; fileRef = AE850CBC269422DB00A4CC04 /* NetworkManager.swift */; };
		AE850CC02694240300A4CC04 /* SearchDataModel.swift in Sources */ = {isa = PBXBuildFile; fileRef = AE850CBF2694240300A4CC04 /* SearchDataModel.swift */; };
		AE850CC22694299400A4CC04 /* StringConstants.swift in Sources */ = {isa = PBXBuildFile; fileRef = AE850CC12694299400A4CC04 /* StringConstants.swift */; };
		AE850CC426942EF600A4CC04 /* StringUtility.swift in Sources */ = {isa = PBXBuildFile; fileRef = AE850CC326942EF600A4CC04 /* StringUtility.swift */; };
		AE850CC6269435E700A4CC04 /* SearchRepoViewModel.swift in Sources */ = {isa = PBXBuildFile; fileRef = AE850CC5269435E700A4CC04 /* SearchRepoViewModel.swift */; };
/* End PBXBuildFile section */

/* Begin PBXFileReference section */
		AE850C952694155C00A4CC04 /* Github Explorer.app */ = {isa = PBXFileReference; explicitFileType = wrapper.application; includeInIndex = 0; path = "Github Explorer.app"; sourceTree = BUILT_PRODUCTS_DIR; };
		AE850C982694155C00A4CC04 /* AppDelegate.swift */ = {isa = PBXFileReference; lastKnownFileType = sourcecode.swift; path = AppDelegate.swift; sourceTree = "<group>"; };
		AE850C9A2694155C00A4CC04 /* SceneDelegate.swift */ = {isa = PBXFileReference; lastKnownFileType = sourcecode.swift; path = SceneDelegate.swift; sourceTree = "<group>"; };
		AE850C9C2694155C00A4CC04 /* HomeViewController.swift */ = {isa = PBXFileReference; lastKnownFileType = sourcecode.swift; path = HomeViewController.swift; sourceTree = "<group>"; };
		AE850C9F2694155C00A4CC04 /* Base */ = {isa = PBXFileReference; lastKnownFileType = file.storyboard; name = Base; path = Base.lproj/HomeViewController.storyboard; sourceTree = "<group>"; };
		AE850CA22694155C00A4CC04 /* Github_Explorer.xcdatamodel */ = {isa = PBXFileReference; lastKnownFileType = wrapper.xcdatamodel; path = Github_Explorer.xcdatamodel; sourceTree = "<group>"; };
		AE850CA42694155F00A4CC04 /* Assets.xcassets */ = {isa = PBXFileReference; lastKnownFileType = folder.assetcatalog; path = Assets.xcassets; sourceTree = "<group>"; };
		AE850CA72694155F00A4CC04 /* Base */ = {isa = PBXFileReference; lastKnownFileType = file.storyboard; name = Base; path = Base.lproj/LaunchScreen.storyboard; sourceTree = "<group>"; };
		AE850CA92694155F00A4CC04 /* Info.plist */ = {isa = PBXFileReference; lastKnownFileType = text.plist.xml; path = Info.plist; sourceTree = "<group>"; };
		AE850CB426941D3200A4CC04 /* SearchRepoViewController.storyboard */ = {isa = PBXFileReference; lastKnownFileType = file.storyboard; path = SearchRepoViewController.storyboard; sourceTree = "<group>"; };
		AE850CB626941D4000A4CC04 /* SearchRepoViewController.swift */ = {isa = PBXFileReference; lastKnownFileType = sourcecode.swift; path = SearchRepoViewController.swift; sourceTree = "<group>"; };
		AE850CB926941F4400A4CC04 /* UIViewControllerUtility.swift */ = {isa = PBXFileReference; lastKnownFileType = sourcecode.swift; path = UIViewControllerUtility.swift; sourceTree = "<group>"; };
		AE850CBC269422DB00A4CC04 /* NetworkManager.swift */ = {isa = PBXFileReference; lastKnownFileType = sourcecode.swift; path = NetworkManager.swift; sourceTree = "<group>"; };
		AE850CBF2694240300A4CC04 /* SearchDataModel.swift */ = {isa = PBXFileReference; lastKnownFileType = sourcecode.swift; path = SearchDataModel.swift; sourceTree = "<group>"; };
		AE850CC12694299400A4CC04 /* StringConstants.swift */ = {isa = PBXFileReference; lastKnownFileType = sourcecode.swift; path = StringConstants.swift; sourceTree = "<group>"; };
		AE850CC326942EF600A4CC04 /* StringUtility.swift */ = {isa = PBXFileReference; lastKnownFileType = sourcecode.swift; path = StringUtility.swift; sourceTree = "<group>"; };
		AE850CC5269435E700A4CC04 /* SearchRepoViewModel.swift */ = {isa = PBXFileReference; lastKnownFileType = sourcecode.swift; path = SearchRepoViewModel.swift; sourceTree = "<group>"; };
/* End PBXFileReference section */

/* Begin PBXFrameworksBuildPhase section */
		AE850C922694155C00A4CC04 /* Frameworks */ = {
			isa = PBXFrameworksBuildPhase;
			buildActionMask = 2147483647;
			files = (
			);
			runOnlyForDeploymentPostprocessing = 0;
		};
/* End PBXFrameworksBuildPhase section */

/* Begin PBXGroup section */
		AE850C8C2694155C00A4CC04 = {
			isa = PBXGroup;
			children = (
				AE850C972694155C00A4CC04 /* Github Explorer */,
				AE850C962694155C00A4CC04 /* Products */,
			);
			sourceTree = "<group>";
		};
		AE850C962694155C00A4CC04 /* Products */ = {
			isa = PBXGroup;
			children = (
				AE850C952694155C00A4CC04 /* Github Explorer.app */,
			);
			name = Products;
			sourceTree = "<group>";
		};
		AE850C972694155C00A4CC04 /* Github Explorer */ = {
			isa = PBXGroup;
			children = (
				AE850CAF2694158300A4CC04 /* Lifecycle */,
				AE850CB226941CB600A4CC04 /* Templates */,
				AE850CB12694159D00A4CC04 /* Resources */,
				AE850CBE269423E400A4CC04 /* DataModel */,
				AE850CA92694155F00A4CC04 /* Info.plist */,
				AE850CA12694155C00A4CC04 /* Github_Explorer.xcdatamodeld */,
			);
			path = "Github Explorer";
			sourceTree = "<group>";
		};
		AE850CAF2694158300A4CC04 /* Lifecycle */ = {
			isa = PBXGroup;
			children = (
				AE850C982694155C00A4CC04 /* AppDelegate.swift */,
				AE850C9A2694155C00A4CC04 /* SceneDelegate.swift */,
			);
			path = Lifecycle;
			sourceTree = "<group>";
		};
		AE850CB02694159100A4CC04 /* HomeViewController */ = {
			isa = PBXGroup;
			children = (
				AE850C9C2694155C00A4CC04 /* HomeViewController.swift */,
				AE850C9E2694155C00A4CC04 /* HomeViewController.storyboard */,
			);
			path = HomeViewController;
			sourceTree = "<group>";
		};
		AE850CB12694159D00A4CC04 /* Resources */ = {
			isa = PBXGroup;
			children = (
				AE850CC12694299400A4CC04 /* StringConstants.swift */,
				AE850CBB269422C700A4CC04 /* Manager */,
				AE850CB826941F1000A4CC04 /* Utilities */,
				AE850CA42694155F00A4CC04 /* Assets.xcassets */,
				AE850CA62694155F00A4CC04 /* LaunchScreen.storyboard */,
			);
			path = Resources;
			sourceTree = "<group>";
		};
		AE850CB226941CB600A4CC04 /* Templates */ = {
			isa = PBXGroup;
			children = (
				AE850CB02694159100A4CC04 /* HomeViewController */,
				AE850CB326941D1400A4CC04 /* SearchRepoViewController */,
			);
			path = Templates;
			sourceTree = "<group>";
		};
		AE850CB326941D1400A4CC04 /* SearchRepoViewController */ = {
			isa = PBXGroup;
			children = (
				AE850CB426941D3200A4CC04 /* SearchRepoViewController.storyboard */,
				AE850CC5269435E700A4CC04 /* SearchRepoViewModel.swift */,
				AE850CB626941D4000A4CC04 /* SearchRepoViewController.swift */,
			);
			path = SearchRepoViewController;
			sourceTree = "<group>";
		};
		AE850CB826941F1000A4CC04 /* Utilities */ = {
			isa = PBXGroup;
			children = (
				AE850CB926941F4400A4CC04 /* UIViewControllerUtility.swift */,
				AE850CC326942EF600A4CC04 /* StringUtility.swift */,
			);
			path = Utilities;
			sourceTree = "<group>";
		};
		AE850CBB269422C700A4CC04 /* Manager */ = {
			isa = PBXGroup;
			children = (
				AE850CBC269422DB00A4CC04 /* NetworkManager.swift */,
			);
			path = Manager;
			sourceTree = "<group>";
		};
		AE850CBE269423E400A4CC04 /* DataModel */ = {
			isa = PBXGroup;
			children = (
				AE850CBF2694240300A4CC04 /* SearchDataModel.swift */,
			);
			path = DataModel;
			sourceTree = "<group>";
		};
/* End PBXGroup section */

/* Begin PBXNativeTarget section */
		AE850C942694155C00A4CC04 /* Github Explorer */ = {
			isa = PBXNativeTarget;
			buildConfigurationList = AE850CAC2694155F00A4CC04 /* Build configuration list for PBXNativeTarget "Github Explorer" */;
			buildPhases = (
				AE850C912694155C00A4CC04 /* Sources */,
				AE850C922694155C00A4CC04 /* Frameworks */,
				AE850C932694155C00A4CC04 /* Resources */,
			);
			buildRules = (
			);
			dependencies = (
			);
			name = "Github Explorer";
			productName = "Github Explorer";
			productReference = AE850C952694155C00A4CC04 /* Github Explorer.app */;
			productType = "com.apple.product-type.application";
		};
/* End PBXNativeTarget section */

/* Begin PBXProject section */
		AE850C8D2694155C00A4CC04 /* Project object */ = {
			isa = PBXProject;
			attributes = {
				LastSwiftUpdateCheck = 1250;
				LastUpgradeCheck = 1250;
				TargetAttributes = {
					AE850C942694155C00A4CC04 = {
						CreatedOnToolsVersion = 12.5.1;
					};
				};
			};
			buildConfigurationList = AE850C902694155C00A4CC04 /* Build configuration list for PBXProject "Github Explorer" */;
			compatibilityVersion = "Xcode 9.3";
			developmentRegion = en;
			hasScannedForEncodings = 0;
			knownRegions = (
				en,
				Base,
			);
			mainGroup = AE850C8C2694155C00A4CC04;
			productRefGroup = AE850C962694155C00A4CC04 /* Products */;
			projectDirPath = "";
			projectRoot = "";
			targets = (
				AE850C942694155C00A4CC04 /* Github Explorer */,
			);
		};
/* End PBXProject section */

/* Begin PBXResourcesBuildPhase section */
		AE850C932694155C00A4CC04 /* Resources */ = {
			isa = PBXResourcesBuildPhase;
			buildActionMask = 2147483647;
			files = (
				AE850CA82694155F00A4CC04 /* LaunchScreen.storyboard in Resources */,
				AE850CB526941D3200A4CC04 /* SearchRepoViewController.storyboard in Resources */,
				AE850CA52694155F00A4CC04 /* Assets.xcassets in Resources */,
				AE850CA02694155C00A4CC04 /* HomeViewController.storyboard in Resources */,
			);
			runOnlyForDeploymentPostprocessing = 0;
		};
/* End PBXResourcesBuildPhase section */

/* Begin PBXSourcesBuildPhase section */
		AE850C912694155C00A4CC04 /* Sources */ = {
			isa = PBXSourcesBuildPhase;
			buildActionMask = 2147483647;
			files = (
				AE850C9D2694155C00A4CC04 /* HomeViewController.swift in Sources */,
				AE850CC02694240300A4CC04 /* SearchDataModel.swift in Sources */,
				AE850CC22694299400A4CC04 /* StringConstants.swift in Sources */,
				AE850CC426942EF600A4CC04 /* StringUtility.swift in Sources */,
				AE850CB726941D4000A4CC04 /* SearchRepoViewController.swift in Sources */,
				AE850C992694155C00A4CC04 /* AppDelegate.swift in Sources */,
				AE850CBD269422DB00A4CC04 /* NetworkManager.swift in Sources */,
				AE850C9B2694155C00A4CC04 /* SceneDelegate.swift in Sources */,
				AE850CC6269435E700A4CC04 /* SearchRepoViewModel.swift in Sources */,
				AE850CA32694155C00A4CC04 /* Github_Explorer.xcdatamodeld in Sources */,
				AE850CBA26941F4400A4CC04 /* UIViewControllerUtility.swift in Sources */,
			);
			runOnlyForDeploymentPostprocessing = 0;
		};
/* End PBXSourcesBuildPhase section */

/* Begin PBXVariantGroup section */
		AE850C9E2694155C00A4CC04 /* HomeViewController.storyboard */ = {
			isa = PBXVariantGroup;
			children = (
				AE850C9F2694155C00A4CC04 /* Base */,
			);
			name = HomeViewController.storyboard;
			sourceTree = "<group>";
		};
		AE850CA62694155F00A4CC04 /* LaunchScreen.storyboard */ = {
			isa = PBXVariantGroup;
			children = (
				AE850CA72694155F00A4CC04 /* Base */,
			);
			name = LaunchScreen.storyboard;
			sourceTree = "<group>";
		};
/* End PBXVariantGroup section */

/* Begin XCBuildConfiguration section */
		AE850CAA2694155F00A4CC04 /* Debug */ = {
			isa = XCBuildConfiguration;
			buildSettings = {
				ALWAYS_SEARCH_USER_PATHS = NO;
				CLANG_ANALYZER_NONNULL = YES;
				CLANG_ANALYZER_NUMBER_OBJECT_CONVERSION = YES_AGGRESSIVE;
				CLANG_CXX_LANGUAGE_STANDARD = "gnu++14";
				CLANG_CXX_LIBRARY = "libc++";
				CLANG_ENABLE_MODULES = YES;
				CLANG_ENABLE_OBJC_ARC = YES;
				CLANG_ENABLE_OBJC_WEAK = YES;
				CLANG_WARN_BLOCK_CAPTURE_AUTORELEASING = YES;
				CLANG_WARN_BOOL_CONVERSION = YES;
				CLANG_WARN_COMMA = YES;
				CLANG_WARN_CONSTANT_CONVERSION = YES;
				CLANG_WARN_DEPRECATED_OBJC_IMPLEMENTATIONS = YES;
				CLANG_WARN_DIRECT_OBJC_ISA_USAGE = YES_ERROR;
				CLANG_WARN_DOCUMENTATION_COMMENTS = YES;
				CLANG_WARN_EMPTY_BODY = YES;
				CLANG_WARN_ENUM_CONVERSION = YES;
				CLANG_WARN_INFINITE_RECURSION = YES;
				CLANG_WARN_INT_CONVERSION = YES;
				CLANG_WARN_NON_LITERAL_NULL_CONVERSION = YES;
				CLANG_WARN_OBJC_IMPLICIT_RETAIN_SELF = YES;
				CLANG_WARN_OBJC_LITERAL_CONVERSION = YES;
				CLANG_WARN_OBJC_ROOT_CLASS = YES_ERROR;
				CLANG_WARN_QUOTED_INCLUDE_IN_FRAMEWORK_HEADER = YES;
				CLANG_WARN_RANGE_LOOP_ANALYSIS = YES;
				CLANG_WARN_STRICT_PROTOTYPES = YES;
				CLANG_WARN_SUSPICIOUS_MOVE = YES;
				CLANG_WARN_UNGUARDED_AVAILABILITY = YES_AGGRESSIVE;
				CLANG_WARN_UNREACHABLE_CODE = YES;
				CLANG_WARN__DUPLICATE_METHOD_MATCH = YES;
				COPY_PHASE_STRIP = NO;
				DEBUG_INFORMATION_FORMAT = dwarf;
				ENABLE_STRICT_OBJC_MSGSEND = YES;
				ENABLE_TESTABILITY = YES;
				GCC_C_LANGUAGE_STANDARD = gnu11;
				GCC_DYNAMIC_NO_PIC = NO;
				GCC_NO_COMMON_BLOCKS = YES;
				GCC_OPTIMIZATION_LEVEL = 0;
				GCC_PREPROCESSOR_DEFINITIONS = (
					"DEBUG=1",
					"$(inherited)",
				);
				GCC_WARN_64_TO_32_BIT_CONVERSION = YES;
				GCC_WARN_ABOUT_RETURN_TYPE = YES_ERROR;
				GCC_WARN_UNDECLARED_SELECTOR = YES;
				GCC_WARN_UNINITIALIZED_AUTOS = YES_AGGRESSIVE;
				GCC_WARN_UNUSED_FUNCTION = YES;
				GCC_WARN_UNUSED_VARIABLE = YES;
				IPHONEOS_DEPLOYMENT_TARGET = 14.5;
				MTL_ENABLE_DEBUG_INFO = INCLUDE_SOURCE;
				MTL_FAST_MATH = YES;
				ONLY_ACTIVE_ARCH = YES;
				SDKROOT = iphoneos;
				SWIFT_ACTIVE_COMPILATION_CONDITIONS = DEBUG;
				SWIFT_OPTIMIZATION_LEVEL = "-Onone";
			};
			name = Debug;
		};
		AE850CAB2694155F00A4CC04 /* Release */ = {
			isa = XCBuildConfiguration;
			buildSettings = {
				ALWAYS_SEARCH_USER_PATHS = NO;
				CLANG_ANALYZER_NONNULL = YES;
				CLANG_ANALYZER_NUMBER_OBJECT_CONVERSION = YES_AGGRESSIVE;
				CLANG_CXX_LANGUAGE_STANDARD = "gnu++14";
				CLANG_CXX_LIBRARY = "libc++";
				CLANG_ENABLE_MODULES = YES;
				CLANG_ENABLE_OBJC_ARC = YES;
				CLANG_ENABLE_OBJC_WEAK = YES;
				CLANG_WARN_BLOCK_CAPTURE_AUTORELEASING = YES;
				CLANG_WARN_BOOL_CONVERSION = YES;
				CLANG_WARN_COMMA = YES;
				CLANG_WARN_CONSTANT_CONVERSION = YES;
				CLANG_WARN_DEPRECATED_OBJC_IMPLEMENTATIONS = YES;
				CLANG_WARN_DIRECT_OBJC_ISA_USAGE = YES_ERROR;
				CLANG_WARN_DOCUMENTATION_COMMENTS = YES;
				CLANG_WARN_EMPTY_BODY = YES;
				CLANG_WARN_ENUM_CONVERSION = YES;
				CLANG_WARN_INFINITE_RECURSION = YES;
				CLANG_WARN_INT_CONVERSION = YES;
				CLANG_WARN_NON_LITERAL_NULL_CONVERSION = YES;
				CLANG_WARN_OBJC_IMPLICIT_RETAIN_SELF = YES;
				CLANG_WARN_OBJC_LITERAL_CONVERSION = YES;
				CLANG_WARN_OBJC_ROOT_CLASS = YES_ERROR;
				CLANG_WARN_QUOTED_INCLUDE_IN_FRAMEWORK_HEADER = YES;
				CLANG_WARN_RANGE_LOOP_ANALYSIS = YES;
				CLANG_WARN_STRICT_PROTOTYPES = YES;
				CLANG_WARN_SUSPICIOUS_MOVE = YES;
				CLANG_WARN_UNGUARDED_AVAILABILITY = YES_AGGRESSIVE;
				CLANG_WARN_UNREACHABLE_CODE = YES;
				CLANG_WARN__DUPLICATE_METHOD_MATCH = YES;
				COPY_PHASE_STRIP = NO;
				DEBUG_INFORMATION_FORMAT = "dwarf-with-dsym";
				ENABLE_NS_ASSERTIONS = NO;
				ENABLE_STRICT_OBJC_MSGSEND = YES;
				GCC_C_LANGUAGE_STANDARD = gnu11;
				GCC_NO_COMMON_BLOCKS = YES;
				GCC_WARN_64_TO_32_BIT_CONVERSION = YES;
				GCC_WARN_ABOUT_RETURN_TYPE = YES_ERROR;
				GCC_WARN_UNDECLARED_SELECTOR = YES;
				GCC_WARN_UNINITIALIZED_AUTOS = YES_AGGRESSIVE;
				GCC_WARN_UNUSED_FUNCTION = YES;
				GCC_WARN_UNUSED_VARIABLE = YES;
				IPHONEOS_DEPLOYMENT_TARGET = 14.5;
				MTL_ENABLE_DEBUG_INFO = NO;
				MTL_FAST_MATH = YES;
				SDKROOT = iphoneos;
				SWIFT_COMPILATION_MODE = wholemodule;
				SWIFT_OPTIMIZATION_LEVEL = "-O";
				VALIDATE_PRODUCT = YES;
			};
			name = Release;
		};
		AE850CAD2694155F00A4CC04 /* Debug */ = {
			isa = XCBuildConfiguration;
			buildSettings = {
				ASSETCATALOG_COMPILER_APPICON_NAME = AppIcon;
				ASSETCATALOG_COMPILER_GLOBAL_ACCENT_COLOR_NAME = AccentColor;
				CODE_SIGN_STYLE = Automatic;
				DEVELOPMENT_TEAM = 8C4BXC8Z6S;
				INFOPLIST_FILE = "Github Explorer/Info.plist";
				IPHONEOS_DEPLOYMENT_TARGET = 13.0;
				LD_RUNPATH_SEARCH_PATHS = (
					"$(inherited)",
					"@executable_path/Frameworks",
				);
				PRODUCT_BUNDLE_IDENTIFIER = com.lourdes.figfolders.githubexplorer;
				PRODUCT_NAME = "$(TARGET_NAME)";
				SWIFT_VERSION = 5.0;
				TARGETED_DEVICE_FAMILY = "1,2";
			};
			name = Debug;
		};
		AE850CAE2694155F00A4CC04 /* Release */ = {
			isa = XCBuildConfiguration;
			buildSettings = {
				ASSETCATALOG_COMPILER_APPICON_NAME = AppIcon;
				ASSETCATALOG_COMPILER_GLOBAL_ACCENT_COLOR_NAME = AccentColor;
				CODE_SIGN_STYLE = Automatic;
				DEVELOPMENT_TEAM = 8C4BXC8Z6S;
				INFOPLIST_FILE = "Github Explorer/Info.plist";
				IPHONEOS_DEPLOYMENT_TARGET = 13.0;
				LD_RUNPATH_SEARCH_PATHS = (
					"$(inherited)",
					"@executable_path/Frameworks",
				);
				PRODUCT_BUNDLE_IDENTIFIER = com.lourdes.figfolders.githubexplorer;
				PRODUCT_NAME = "$(TARGET_NAME)";
				SWIFT_VERSION = 5.0;
				TARGETED_DEVICE_FAMILY = "1,2";
			};
			name = Release;
		};
/* End XCBuildConfiguration section */

/* Begin XCConfigurationList section */
		AE850C902694155C00A4CC04 /* Build configuration list for PBXProject "Github Explorer" */ = {
			isa = XCConfigurationList;
			buildConfigurations = (
				AE850CAA2694155F00A4CC04 /* Debug */,
				AE850CAB2694155F00A4CC04 /* Release */,
			);
			defaultConfigurationIsVisible = 0;
			defaultConfigurationName = Release;
		};
		AE850CAC2694155F00A4CC04 /* Build configuration list for PBXNativeTarget "Github Explorer" */ = {
			isa = XCConfigurationList;
			buildConfigurations = (
				AE850CAD2694155F00A4CC04 /* Debug */,
				AE850CAE2694155F00A4CC04 /* Release */,
			);
			defaultConfigurationIsVisible = 0;
			defaultConfigurationName = Release;
		};
/* End XCConfigurationList section */

/* Begin XCVersionGroup section */
		AE850CA12694155C00A4CC04 /* Github_Explorer.xcdatamodeld */ = {
			isa = XCVersionGroup;
			children = (
				AE850CA22694155C00A4CC04 /* Github_Explorer.xcdatamodel */,
			);
			currentVersion = AE850CA22694155C00A4CC04 /* Github_Explorer.xcdatamodel */;
			path = Github_Explorer.xcdatamodeld;
			sourceTree = "<group>";
			versionGroupType = wrapper.xcdatamodel;
		};
/* End XCVersionGroup section */
	};
	rootObject = AE850C8D2694155C00A4CC04 /* Project object */;
}
